
Microsoft Visual Studio Solution File, Format Version 12.00
# Visual Studio Version 16
VisualStudioVersion = 16.0.30503.244
MinimumVisualStudioVersion = 10.0.40219.1
Project("{8BC9CEB8-8B4A-11D0-8D11-00A0C91BC942}") = "homework01", "homework01\homework01.vcxproj", "{5048A223-22B9-4129-B2F7-FC66C28012AC}"
EndProject
Project("{8BC9CEB8-8B4A-11D0-8D11-00A0C91BC942}") = "homework02", "homework02\homework02.vcxproj", "{864269AE-1F52-4F37-9106-6DC31C0F6387}"
EndProject
Global
	GlobalSection(SolutionConfigurationPlatforms) = preSolution
		Debug|x64 = Debug|x64
		Debug|x86 = Debug|x86
		Release|x64 = Release|x64
		Release|x86 = Release|x86
	EndGlobalSection
	GlobalSection(ProjectConfigurationPlatforms) = postSolution
		{5048A223-22B9-4129-B2F7-FC66C28012AC}.Debug|x64.ActiveCfg = Debug|x64
		{5048A223-22B9-4129-B2F7-FC66C28012AC}.Debug|x64.Build.0 = Debug|x64
		{5048A223-22B9-4129-B2F7-FC66C28012AC}.Debug|x86.ActiveCfg = Debug|Win32
		{5048A223-22B9-4129-B2F7-FC66C28012AC}.Debug|x86.Build.0 = Debug|Win32
		{5048A223-22B9-4129-B2F7-FC66C28012AC}.Release|x64.ActiveCfg = Release|x64
		{5048A223-22B9-4129-B2F7-FC66C28012AC}.Release|x64.Build.0 = Release|x64
		{5048A223-22B9-4129-B2F7-FC66C28012AC}.Release|x86.ActiveCfg = Release|Win32
		{5048A223-22B9-4129-B2F7-FC66C28012AC}.Release|x86.Build.0 = Release|Win32
		{864269AE-1F52-4F37-9106-6DC31C0F6387}.Debug|x64.ActiveCfg = Debug|x64
		{864269AE-1F52-4F37-9106-6DC31C0F6387}.Debug|x64.Build.0 = Debug|x64
		{864269AE-1F52-4F37-9106-6DC31C0F6387}.Debug|x86.ActiveCfg = Debug|Win32
		{864269AE-1F52-4F37-9106-6DC31C0F6387}.Debug|x86.Build.0 = Debug|Win32
		{864269AE-1F52-4F37-9106-6DC31C0F6387}.Release|x64.ActiveCfg = Release|x64
		{864269AE-1F52-4F37-9106-6DC31C0F6387}.Release|x64.Build.0 = Release|x64
		{864269AE-1F52-4F37-9106-6DC31C0F6387}.Release|x86.ActiveCfg = Release|Win32
		{864269AE-1F52-4F37-9106-6DC31C0F6387}.Release|x86.Build.0 = Release|Win32
	EndGlobalSection
	GlobalSection(SolutionProperties) = preSolution
		HideSolutionNode = FALSE
	EndGlobalSection
	GlobalSection(ExtensibilityGlobals) = postSolution
		SolutionGuid = {41587D80-BB03-4A80-9560-5BADFFCA111C}
	EndGlobalSection
EndGlobal
