
Microsoft Visual Studio Solution File, Format Version 12.00
# Visual Studio Version 16
VisualStudioVersion = 16.0.30503.244
MinimumVisualStudioVersion = 10.0.40219.1
Project("{8BC9CEB8-8B4A-11D0-8D11-00A0C91BC942}") = "homework_01", "homework_01\homework_01.vcxproj", "{CF67D5D5-E98A-4911-8D03-C67302A6D7AF}"
EndProject
Global
	GlobalSection(SolutionConfigurationPlatforms) = preSolution
		Debug|x64 = Debug|x64
		Debug|x86 = Debug|x86
		Release|x64 = Release|x64
		Release|x86 = Release|x86
	EndGlobalSection
	GlobalSection(ProjectConfigurationPlatforms) = postSolution
		{CF67D5D5-E98A-4911-8D03-C67302A6D7AF}.Debug|x64.ActiveCfg = Debug|x64
		{CF67D5D5-E98A-4911-8D03-C67302A6D7AF}.Debug|x64.Build.0 = Debug|x64
		{CF67D5D5-E98A-4911-8D03-C67302A6D7AF}.Debug|x86.ActiveCfg = Debug|Win32
		{CF67D5D5-E98A-4911-8D03-C67302A6D7AF}.Debug|x86.Build.0 = Debug|Win32
		{CF67D5D5-E98A-4911-8D03-C67302A6D7AF}.Release|x64.ActiveCfg = Release|x64
		{CF67D5D5-E98A-4911-8D03-C67302A6D7AF}.Release|x64.Build.0 = Release|x64
		{CF67D5D5-E98A-4911-8D03-C67302A6D7AF}.Release|x86.ActiveCfg = Release|Win32
		{CF67D5D5-E98A-4911-8D03-C67302A6D7AF}.Release|x86.Build.0 = Release|Win32
	EndGlobalSection
	GlobalSection(SolutionProperties) = preSolution
		HideSolutionNode = FALSE
	EndGlobalSection
	GlobalSection(ExtensibilityGlobals) = postSolution
		SolutionGuid = {48FC7232-508C-4521-A49B-A87B64B246BE}
	EndGlobalSection
EndGlobal
